
Microsoft Visual Studio Solution File, Format Version 10.00
# Visual Studio 2008
Project("{FAE04EC0-301F-11D3-BF4B-00C04F79EFBC}") = "HttpServer", "HttpServer\HttpServer.csproj", "{455E7D70-1C85-4D7F-9F01-DC801B8B8C34}"
EndProject
Project("{FAE04EC0-301F-11D3-BF4B-00C04F79EFBC}") = "HttpServer.Sample", "HttpServer.Sample\HttpServer.Sample.csproj", "{CFD34531-3C58-463E-B09E-6E4655DF627C}"
EndProject
Project("{FAE04EC0-301F-11D3-BF4B-00C04F79EFBC}") = "HttpServer.Test", "HttpServer.Test\HttpServer.Test.csproj", "{73942CF7-F838-407B-B6DC-530A2A7C41E7}"
EndProject
Project("{FAE04EC0-301F-11D3-BF4B-00C04F79EFBC}") = "Tutorial", "Tutorial\Tutorial.csproj", "{C379A635-DBED-4E0D-AB9A-D9B1AE9B6512}"
EndProject
Project("{FAE04EC0-301F-11D3-BF4B-00C04F79EFBC}") = "HttpServer.MVC", "HttpServer.MVC\HttpServer.MVC.csproj", "{183517F9-06E6-4C06-A6F2-D5A98B440F34}"
EndProject
Global
	GlobalSection(SolutionConfigurationPlatforms) = preSolution
		Debug|Any CPU = Debug|Any CPU
		Release|Any CPU = Release|Any CPU
		Test|Any CPU = Test|Any CPU
	EndGlobalSection
	GlobalSection(ProjectConfigurationPlatforms) = postSolution
		{455E7D70-1C85-4D7F-9F01-DC801B8B8C34}.Debug|Any CPU.ActiveCfg = Debug|Any CPU
		{455E7D70-1C85-4D7F-9F01-DC801B8B8C34}.Debug|Any CPU.Build.0 = Debug|Any CPU
		{455E7D70-1C85-4D7F-9F01-DC801B8B8C34}.Release|Any CPU.ActiveCfg = Release|Any CPU
		{455E7D70-1C85-4D7F-9F01-DC801B8B8C34}.Release|Any CPU.Build.0 = Release|Any CPU
		{455E7D70-1C85-4D7F-9F01-DC801B8B8C34}.Test|Any CPU.ActiveCfg = Test|Any CPU
		{455E7D70-1C85-4D7F-9F01-DC801B8B8C34}.Test|Any CPU.Build.0 = Test|Any CPU
		{CFD34531-3C58-463E-B09E-6E4655DF627C}.Debug|Any CPU.ActiveCfg = Debug|Any CPU
		{CFD34531-3C58-463E-B09E-6E4655DF627C}.Debug|Any CPU.Build.0 = Debug|Any CPU
		{CFD34531-3C58-463E-B09E-6E4655DF627C}.Release|Any CPU.ActiveCfg = Release|Any CPU
		{CFD34531-3C58-463E-B09E-6E4655DF627C}.Release|Any CPU.Build.0 = Release|Any CPU
		{CFD34531-3C58-463E-B09E-6E4655DF627C}.Test|Any CPU.ActiveCfg = Test|Any CPU
		{CFD34531-3C58-463E-B09E-6E4655DF627C}.Test|Any CPU.Build.0 = Test|Any CPU
		{73942CF7-F838-407B-B6DC-530A2A7C41E7}.Debug|Any CPU.ActiveCfg = Debug|Any CPU
		{73942CF7-F838-407B-B6DC-530A2A7C41E7}.Debug|Any CPU.Build.0 = Debug|Any CPU
		{73942CF7-F838-407B-B6DC-530A2A7C41E7}.Release|Any CPU.ActiveCfg = Release|Any CPU
		{73942CF7-F838-407B-B6DC-530A2A7C41E7}.Release|Any CPU.Build.0 = Release|Any CPU
		{73942CF7-F838-407B-B6DC-530A2A7C41E7}.Test|Any CPU.ActiveCfg = Test|Any CPU
		{73942CF7-F838-407B-B6DC-530A2A7C41E7}.Test|Any CPU.Build.0 = Test|Any CPU
		{C379A635-DBED-4E0D-AB9A-D9B1AE9B6512}.Debug|Any CPU.ActiveCfg = Debug|Any CPU
		{C379A635-DBED-4E0D-AB9A-D9B1AE9B6512}.Debug|Any CPU.Build.0 = Debug|Any CPU
		{C379A635-DBED-4E0D-AB9A-D9B1AE9B6512}.Release|Any CPU.ActiveCfg = Release|Any CPU
		{C379A635-DBED-4E0D-AB9A-D9B1AE9B6512}.Release|Any CPU.Build.0 = Release|Any CPU
		{C379A635-DBED-4E0D-AB9A-D9B1AE9B6512}.Test|Any CPU.ActiveCfg = Test|Any CPU
		{C379A635-DBED-4E0D-AB9A-D9B1AE9B6512}.Test|Any CPU.Build.0 = Test|Any CPU
		{183517F9-06E6-4C06-A6F2-D5A98B440F34}.Debug|Any CPU.ActiveCfg = Debug|Any CPU
		{183517F9-06E6-4C06-A6F2-D5A98B440F34}.Debug|Any CPU.Build.0 = Debug|Any CPU
		{183517F9-06E6-4C06-A6F2-D5A98B440F34}.Release|Any CPU.ActiveCfg = Release|Any CPU
		{183517F9-06E6-4C06-A6F2-D5A98B440F34}.Release|Any CPU.Build.0 = Release|Any CPU
		{183517F9-06E6-4C06-A6F2-D5A98B440F34}.Test|Any CPU.ActiveCfg = Release|Any CPU
		{183517F9-06E6-4C06-A6F2-D5A98B440F34}.Test|Any CPU.Build.0 = Release|Any CPU
	EndGlobalSection
	GlobalSection(SolutionProperties) = preSolution
		HideSolutionNode = FALSE
	EndGlobalSection
EndGlobal
